
Microsoft Visual Studio Solution File, Format Version 12.00
# Visual Studio Version 17
VisualStudioVersion = 17.4.33205.214
MinimumVisualStudioVersion = 10.0.40219.1
Project("{9A19103F-16F7-4668-BE54-9A1E7A4F7556}") = "Server", "Server\Server.csproj", "{6B027239-B30F-4D77-A38A-30733DD9F32B}"
EndProject
Project("{9A19103F-16F7-4668-BE54-9A1E7A4F7556}") = "Client", "Client\Client.csproj", "{5768DF37-9A88-43A9-ABF9-A428D5D165C1}"
EndProject
Project("{FAE04EC0-301F-11D3-BF4B-00C04F79EFBC}") = "Ciphers", "Ciphers\Ciphers.csproj", "{69AAC4F9-7ECC-4C29-9F5B-4B26EECB17B1}"
EndProject
Global
	GlobalSection(SolutionConfigurationPlatforms) = preSolution
		Debug|Any CPU = Debug|Any CPU
		Release|Any CPU = Release|Any CPU
	EndGlobalSection
	GlobalSection(ProjectConfigurationPlatforms) = postSolution
		{6B027239-B30F-4D77-A38A-30733DD9F32B}.Debug|Any CPU.ActiveCfg = Debug|Any CPU
		{6B027239-B30F-4D77-A38A-30733DD9F32B}.Debug|Any CPU.Build.0 = Debug|Any CPU
		{6B027239-B30F-4D77-A38A-30733DD9F32B}.Release|Any CPU.ActiveCfg = Release|Any CPU
		{6B027239-B30F-4D77-A38A-30733DD9F32B}.Release|Any CPU.Build.0 = Release|Any CPU
		{5768DF37-9A88-43A9-ABF9-A428D5D165C1}.Debug|Any CPU.ActiveCfg = Debug|Any CPU
		{5768DF37-9A88-43A9-ABF9-A428D5D165C1}.Debug|Any CPU.Build.0 = Debug|Any CPU
		{5768DF37-9A88-43A9-ABF9-A428D5D165C1}.Release|Any CPU.ActiveCfg = Release|Any CPU
		{5768DF37-9A88-43A9-ABF9-A428D5D165C1}.Release|Any CPU.Build.0 = Release|Any CPU
		{69AAC4F9-7ECC-4C29-9F5B-4B26EECB17B1}.Debug|Any CPU.ActiveCfg = Debug|Any CPU
		{69AAC4F9-7ECC-4C29-9F5B-4B26EECB17B1}.Debug|Any CPU.Build.0 = Debug|Any CPU
		{69AAC4F9-7ECC-4C29-9F5B-4B26EECB17B1}.Release|Any CPU.ActiveCfg = Release|Any CPU
		{69AAC4F9-7ECC-4C29-9F5B-4B26EECB17B1}.Release|Any CPU.Build.0 = Release|Any CPU
	EndGlobalSection
	GlobalSection(SolutionProperties) = preSolution
		HideSolutionNode = FALSE
	EndGlobalSection
	GlobalSection(ExtensibilityGlobals) = postSolution
		SolutionGuid = {10389918-9317-4BE6-B552-3361566435C5}
	EndGlobalSection
EndGlobal
